
Microsoft Visual Studio Solution File, Format Version 12.00
# Visual Studio Version 16
VisualStudioVersion = 16.0.31105.61
MinimumVisualStudioVersion = 10.0.40219.1
Project("{8BC9CEB8-8B4A-11D0-8D11-00A0C91BC942}") = "CSetupAPI", "CSetupAPI\CSetupAPI.vcxproj", "{92C780A1-5536-4EFE-892B-5CD0D29B67F2}"
EndProject
Project("{8BC9CEB8-8B4A-11D0-8D11-00A0C91BC942}") = "Test-CSetupAPI", "Test-CSetupAPI\Test-CSetupAPI.vcxproj", "{C01F8AD7-5B94-42FE-A58A-95438CC35917}"
EndProject
Project("{8BC9CEB8-8B4A-11D0-8D11-00A0C91BC942}") = "CSerialPort", "CSerialPort\CSerialPort.vcxproj", "{5BAB6390-0D71-49A1-84A0-B62001E813F1}"
EndProject
Project("{8BC9CEB8-8B4A-11D0-8D11-00A0C91BC942}") = "Test-CSerialPort", "Test-CSerialPort\Test-CSerialPort.vcxproj", "{72F1EAA0-9D66-49C6-95F7-269CF1589EB5}"
EndProject
Project("{2150E333-8FDC-42A3-9474-1A3956D46DE8}") = "Solution Items", "Solution Items", "{B2A32767-533C-4A3F-94CD-F1289E915F23}"
	ProjectSection(SolutionItems) = preProject
		ReadMe.md = ReadMe.md
	EndProjectSection
EndProject
Project("{8BC9CEB8-8B4A-11D0-8D11-00A0C91BC942}") = "CModbus_master", "CModbus_master\CModbus_master.vcxproj", "{3BD1E009-CD3B-4F20-AB9B-05D0EDE4D371}"
EndProject
Project("{8BC9CEB8-8B4A-11D0-8D11-00A0C91BC942}") = "Test-CModbus_master", "Test-CModbus_master\Test-CModbus_master.vcxproj", "{7ED6FF29-BCAE-4BFC-A1F6-C761EFFB6561}"
EndProject
Global
	GlobalSection(SolutionConfigurationPlatforms) = preSolution
		Debug|x64 = Debug|x64
		Debug|x86 = Debug|x86
		Release|x64 = Release|x64
		Release|x86 = Release|x86
	EndGlobalSection
	GlobalSection(ProjectConfigurationPlatforms) = postSolution
		{92C780A1-5536-4EFE-892B-5CD0D29B67F2}.Debug|x64.ActiveCfg = Debug|x64
		{92C780A1-5536-4EFE-892B-5CD0D29B67F2}.Debug|x64.Build.0 = Debug|x64
		{92C780A1-5536-4EFE-892B-5CD0D29B67F2}.Debug|x86.ActiveCfg = Debug|Win32
		{92C780A1-5536-4EFE-892B-5CD0D29B67F2}.Debug|x86.Build.0 = Debug|Win32
		{92C780A1-5536-4EFE-892B-5CD0D29B67F2}.Release|x64.ActiveCfg = Release|x64
		{92C780A1-5536-4EFE-892B-5CD0D29B67F2}.Release|x64.Build.0 = Release|x64
		{92C780A1-5536-4EFE-892B-5CD0D29B67F2}.Release|x86.ActiveCfg = Release|Win32
		{92C780A1-5536-4EFE-892B-5CD0D29B67F2}.Release|x86.Build.0 = Release|Win32
		{C01F8AD7-5B94-42FE-A58A-95438CC35917}.Debug|x64.ActiveCfg = Debug|x64
		{C01F8AD7-5B94-42FE-A58A-95438CC35917}.Debug|x64.Build.0 = Debug|x64
		{C01F8AD7-5B94-42FE-A58A-95438CC35917}.Debug|x86.ActiveCfg = Debug|Win32
		{C01F8AD7-5B94-42FE-A58A-95438CC35917}.Debug|x86.Build.0 = Debug|Win32
		{C01F8AD7-5B94-42FE-A58A-95438CC35917}.Release|x64.ActiveCfg = Release|x64
		{C01F8AD7-5B94-42FE-A58A-95438CC35917}.Release|x64.Build.0 = Release|x64
		{C01F8AD7-5B94-42FE-A58A-95438CC35917}.Release|x86.ActiveCfg = Release|Win32
		{C01F8AD7-5B94-42FE-A58A-95438CC35917}.Release|x86.Build.0 = Release|Win32
		{5BAB6390-0D71-49A1-84A0-B62001E813F1}.Debug|x64.ActiveCfg = Debug|x64
		{5BAB6390-0D71-49A1-84A0-B62001E813F1}.Debug|x64.Build.0 = Debug|x64
		{5BAB6390-0D71-49A1-84A0-B62001E813F1}.Debug|x86.ActiveCfg = Debug|Win32
		{5BAB6390-0D71-49A1-84A0-B62001E813F1}.Debug|x86.Build.0 = Debug|Win32
		{5BAB6390-0D71-49A1-84A0-B62001E813F1}.Release|x64.ActiveCfg = Release|x64
		{5BAB6390-0D71-49A1-84A0-B62001E813F1}.Release|x64.Build.0 = Release|x64
		{5BAB6390-0D71-49A1-84A0-B62001E813F1}.Release|x86.ActiveCfg = Release|Win32
		{5BAB6390-0D71-49A1-84A0-B62001E813F1}.Release|x86.Build.0 = Release|Win32
		{72F1EAA0-9D66-49C6-95F7-269CF1589EB5}.Debug|x64.ActiveCfg = Debug|x64
		{72F1EAA0-9D66-49C6-95F7-269CF1589EB5}.Debug|x64.Build.0 = Debug|x64
		{72F1EAA0-9D66-49C6-95F7-269CF1589EB5}.Debug|x86.ActiveCfg = Debug|Win32
		{72F1EAA0-9D66-49C6-95F7-269CF1589EB5}.Debug|x86.Build.0 = Debug|Win32
		{72F1EAA0-9D66-49C6-95F7-269CF1589EB5}.Release|x64.ActiveCfg = Release|x64
		{72F1EAA0-9D66-49C6-95F7-269CF1589EB5}.Release|x64.Build.0 = Release|x64
		{72F1EAA0-9D66-49C6-95F7-269CF1589EB5}.Release|x86.ActiveCfg = Release|Win32
		{72F1EAA0-9D66-49C6-95F7-269CF1589EB5}.Release|x86.Build.0 = Release|Win32
		{3BD1E009-CD3B-4F20-AB9B-05D0EDE4D371}.Debug|x64.ActiveCfg = Debug|x64
		{3BD1E009-CD3B-4F20-AB9B-05D0EDE4D371}.Debug|x64.Build.0 = Debug|x64
		{3BD1E009-CD3B-4F20-AB9B-05D0EDE4D371}.Debug|x86.ActiveCfg = Debug|Win32
		{3BD1E009-CD3B-4F20-AB9B-05D0EDE4D371}.Debug|x86.Build.0 = Debug|Win32
		{3BD1E009-CD3B-4F20-AB9B-05D0EDE4D371}.Release|x64.ActiveCfg = Release|x64
		{3BD1E009-CD3B-4F20-AB9B-05D0EDE4D371}.Release|x64.Build.0 = Release|x64
		{3BD1E009-CD3B-4F20-AB9B-05D0EDE4D371}.Release|x86.ActiveCfg = Release|Win32
		{3BD1E009-CD3B-4F20-AB9B-05D0EDE4D371}.Release|x86.Build.0 = Release|Win32
		{7ED6FF29-BCAE-4BFC-A1F6-C761EFFB6561}.Debug|x64.ActiveCfg = Debug|x64
		{7ED6FF29-BCAE-4BFC-A1F6-C761EFFB6561}.Debug|x64.Build.0 = Debug|x64
		{7ED6FF29-BCAE-4BFC-A1F6-C761EFFB6561}.Debug|x86.ActiveCfg = Debug|Win32
		{7ED6FF29-BCAE-4BFC-A1F6-C761EFFB6561}.Debug|x86.Build.0 = Debug|Win32
		{7ED6FF29-BCAE-4BFC-A1F6-C761EFFB6561}.Release|x64.ActiveCfg = Release|x64
		{7ED6FF29-BCAE-4BFC-A1F6-C761EFFB6561}.Release|x64.Build.0 = Release|x64
		{7ED6FF29-BCAE-4BFC-A1F6-C761EFFB6561}.Release|x86.ActiveCfg = Release|Win32
		{7ED6FF29-BCAE-4BFC-A1F6-C761EFFB6561}.Release|x86.Build.0 = Release|Win32
	EndGlobalSection
	GlobalSection(SolutionProperties) = preSolution
		HideSolutionNode = FALSE
	EndGlobalSection
	GlobalSection(ExtensibilityGlobals) = postSolution
		SolutionGuid = {3382E2A9-DA51-4E54-9129-E132462ED6D9}
	EndGlobalSection
EndGlobal
